{
  "requires": true,
  "lockfileVersion": 1,
  "dependencies": {
    "ammo": {
      "version": "3.0.3",
      "resolved": "https://registry.npmjs.org/ammo/-/ammo-3.0.3.tgz",
      "integrity": "sha512-vo76VJ44MkUBZL/BzpGXaKzMfroF4ZR6+haRuw9p+eSWfoNaH2AxVc8xmiEPC08jhzJSeM6w7/iMUGet8b4oBQ==",
      "requires": {
        "hoek": "6.x.x"
      }
    },
    "hoek": {
      "version": "6.1.3",
      "resolved": "https://registry.npmjs.org/hoek/-/hoek-6.1.3.tgz",
      "integrity": "sha512-YXXAAhmF9zpQbC7LEcREFtXfGq5K1fmd+4PHkBq8NUqmzW3G+Dq10bI/i0KucLRwss3YYFQ0fSfoxBZYiGUqtQ=="
    },
    "seedrandom": {
      "version": "3.0.3",
      "resolved": "https://registry.npmjs.org/seedrandom/-/seedrandom-3.0.3.tgz",
      "integrity": "sha512-PJLhhxIMjlMJaiIRtqiVW061EZn3cS+waZkbFe7eCa2R3g88HbNdWmw4NTFG1w5unxd0GeNaUUxZJP7gPAzSDQ=="
    },
    "three": {
      "version": "0.107.0",
      "resolved": "https://registry.npmjs.org/three/-/three-0.107.0.tgz",
      "integrity": "sha512-vqbKJRLBEviPVa7poEzXocobicwxzsctr5mnymA7n8fEzcVS49rYP0RrwqZ98JqujRoruK+/YzcchNpRP+kXsQ=="
    }
  }
}
